
Microsoft Visual Studio Solution File, Format Version 12.00
# Visual Studio Version 17
VisualStudioVersion = 17.9.34616.47
MinimumVisualStudioVersion = 10.0.40219.1
Project("{FAE04EC0-301F-11D3-BF4B-00C04F79EFBC}") = "INTELLISTOCKS.API", "INTELLISTOCKS.API\INTELLISTOCKS.API.csproj", "{B28D50E2-6C06-40D2-901D-231AED69E672}"
EndProject
Project("{FAE04EC0-301F-11D3-BF4B-00C04F79EFBC}") = "INTELLISTOCKS.MODELS", "INTELLISTOCKS.MODELS\INTELLISTOCKS.MODELS.csproj", "{573C0F1D-295D-41EE-87E4-BC0E6B7D30DA}"
EndProject
Project("{FAE04EC0-301F-11D3-BF4B-00C04F79EFBC}") = "INTELLISTOCKS.REPOSITORY", "INTELLISTOCKS.REPOSITORY\INTELLISTOCKS.REPOSITORY.csproj", "{AB49B1FC-085D-4458-BCBF-31366F5CCEC2}"
EndProject
Global
	GlobalSection(SolutionConfigurationPlatforms) = preSolution
		Debug|Any CPU = Debug|Any CPU
		Release|Any CPU = Release|Any CPU
	EndGlobalSection
	GlobalSection(ProjectConfigurationPlatforms) = postSolution
		{B28D50E2-6C06-40D2-901D-231AED69E672}.Debug|Any CPU.ActiveCfg = Debug|Any CPU
		{B28D50E2-6C06-40D2-901D-231AED69E672}.Debug|Any CPU.Build.0 = Debug|Any CPU
		{B28D50E2-6C06-40D2-901D-231AED69E672}.Release|Any CPU.ActiveCfg = Release|Any CPU
		{B28D50E2-6C06-40D2-901D-231AED69E672}.Release|Any CPU.Build.0 = Release|Any CPU
		{573C0F1D-295D-41EE-87E4-BC0E6B7D30DA}.Debug|Any CPU.ActiveCfg = Debug|Any CPU
		{573C0F1D-295D-41EE-87E4-BC0E6B7D30DA}.Debug|Any CPU.Build.0 = Debug|Any CPU
		{573C0F1D-295D-41EE-87E4-BC0E6B7D30DA}.Release|Any CPU.ActiveCfg = Release|Any CPU
		{573C0F1D-295D-41EE-87E4-BC0E6B7D30DA}.Release|Any CPU.Build.0 = Release|Any CPU
		{AB49B1FC-085D-4458-BCBF-31366F5CCEC2}.Debug|Any CPU.ActiveCfg = Debug|Any CPU
		{AB49B1FC-085D-4458-BCBF-31366F5CCEC2}.Debug|Any CPU.Build.0 = Debug|Any CPU
		{AB49B1FC-085D-4458-BCBF-31366F5CCEC2}.Release|Any CPU.ActiveCfg = Release|Any CPU
		{AB49B1FC-085D-4458-BCBF-31366F5CCEC2}.Release|Any CPU.Build.0 = Release|Any CPU
	EndGlobalSection
	GlobalSection(SolutionProperties) = preSolution
		HideSolutionNode = FALSE
	EndGlobalSection
	GlobalSection(ExtensibilityGlobals) = postSolution
		SolutionGuid = {5F99E407-A326-436B-B0E3-0CD090BF5E26}
	EndGlobalSection
EndGlobal
